// !$*UTF8*$!
{
	archiveVersion = 1;
	classes = {
	};
	objectVersion = 77;
	objects = {

/* Begin PBXContainerItemProxy section */
		EF75B4552F5C66A6002CB348 /* PBXContainerItemProxy */ = {
			isa = PBXContainerItemProxy;
			containerPortal = EF75B43F2F5C66A5002CB348 /* Project object */;
			proxyType = 1;
			remoteGlobalIDString = EF75B4462F5C66A5002CB348;
			remoteInfo = LearningXCodeCloud;
		};
		EF75B45F2F5C66A6002CB348 /* PBXContainerItemProxy */ = {
			isa = PBXContainerItemProxy;
			containerPortal = EF75B43F2F5C66A5002CB348 /* Project object */;
			proxyType = 1;
			remoteGlobalIDString = EF75B4462F5C66A5002CB348;
			remoteInfo = LearningXCodeCloud;
		};
/* End PBXContainerItemProxy section */

/* Begin PBXFileReference section */
		EF75B4472F5C66A5002CB348 /* LearningXCodeCloud.app */ = {isa = PBXFileReference; explicitFileType = wrapper.application; includeInIndex = 0; path = LearningXCodeCloud.app; sourceTree = BUILT_PRODUCTS_DIR; };
		EF75B4542F5C66A6002CB348 /* LearningXCodeCloudTests.xctest */ = {isa = PBXFileReference; explicitFileType = wrapper.cfbundle; includeInIndex = 0; path = LearningXCodeCloudTests.xctest; sourceTree = BUILT_PRODUCTS_DIR; };
		EF75B45E2F5C66A6002CB348 /* LearningXCodeCloudUITests.xctest */ = {isa = PBXFileReference; explicitFileType = wrapper.cfbundle; includeInIndex = 0; path = LearningXCodeCloudUITests.xctest; sourceTree = BUILT_PRODUCTS_DIR; };
/* End PBXFileReference section */

/* Begin PBXFileSystemSynchronizedRootGroup section */
		EF75B4492F5C66A5002CB348 /* LearningXCodeCloud */ = {
			isa = PBXFileSystemSynchronizedRootGroup;
			path = LearningXCodeCloud;
			sourceTree = "<group>";
		};
		EF75B4572F5C66A6002CB348 /* LearningXCodeCloudTests */ = {
			isa = PBXFileSystemSynchronizedRootGroup;
			path = LearningXCodeCloudTests;
			sourceTree = "<group>";
		};
		EF75B4612F5C66A6002CB348 /* LearningXCodeCloudUITests */ = {
			isa = PBXFileSystemSynchronizedRootGroup;
			path = LearningXCodeCloudUITests;
			sourceTree = "<group>";
		};
/* End PBXFileSystemSynchronizedRootGroup section */

/* Begin PBXFrameworksBuildPhase section */
		EF75B4442F5C66A5002CB348 /* Frameworks */ = {
			isa = PBXFrameworksBuildPhase;
			buildActionMask = 2147483647;
			files = (
			);
			runOnlyForDeploymentPostprocessing = 0;
		};
		EF75B4512F5C66A6002CB348 /* Frameworks */ = {
			isa = PBXFrameworksBuildPhase;
			buildActionMask = 2147483647;
			files = (
			);
			runOnlyForDeploymentPostprocessing = 0;
		};
		EF75B45B2F5C66A6002CB348 /* Frameworks */ = {
			isa = PBXFrameworksBuildPhase;
			buildActionMask = 2147483647;
			files = (
			);
			runOnlyForDeploymentPostprocessing = 0;
		};
/* End PBXFrameworksBuildPhase section */

/* Begin PBXGroup section */
		EF75B43E2F5C66A5002CB348 = {
			isa = PBXGroup;
			children = (
				EF75B4492F5C66A5002CB348 /* LearningXCodeCloud */,
				EF75B4572F5C66A6002CB348 /* LearningXCodeCloudTests */,
				EF75B4612F5C66A6002CB348 /* LearningXCodeCloudUITests */,
				EF75B4482F5C66A5002CB348 /* Products */,
			);
			sourceTree = "<group>";
		};
		EF75B4482F5C66A5002CB348 /* Products */ = {
			isa = PBXGroup;
			children = (
				EF75B4472F5C66A5002CB348 /* LearningXCodeCloud.app */,
				EF75B4542F5C66A6002CB348 /* LearningXCodeCloudTests.xctest */,
				EF75B45E2F5C66A6002CB348 /* LearningXCodeCloudUITests.xctest */,
			);
			name = Products;
			sourceTree = "<group>";
		};
/* End PBXGroup section */

/* Begin PBXNativeTarget section */
		EF75B4462F5C66A5002CB348 /* LearningXCodeCloud */ = {
			isa = PBXNativeTarget;
			buildConfigurationList = EF75B4682F5C66A6002CB348 /* Build configuration list for PBXNativeTarget "LearningXCodeCloud" */;
			buildPhases = (
				EF75B4432F5C66A5002CB348 /* Sources */,
				EF75B4442F5C66A5002CB348 /* Frameworks */,
				EF75B4452F5C66A5002CB348 /* Resources */,
			);
			buildRules = (
			);
			dependencies = (
			);
			fileSystemSynchronizedGroups = (
				EF75B4492F5C66A5002CB348 /* LearningXCodeCloud */,
			);
			name = LearningXCodeCloud;
			packageProductDependencies = (
			);
			productName = LearningXCodeCloud;
			productReference = EF75B4472F5C66A5002CB348 /* LearningXCodeCloud.app */;
			productType = "com.apple.product-type.application";
		};
		EF75B4532F5C66A6002CB348 /* LearningXCodeCloudTests */ = {
			isa = PBXNativeTarget;
			buildConfigurationList = EF75B46B2F5C66A6002CB348 /* Build configuration list for PBXNativeTarget "LearningXCodeCloudTests" */;
			buildPhases = (
				EF75B4502F5C66A6002CB348 /* Sources */,
				EF75B4512F5C66A6002CB348 /* Frameworks */,
				EF75B4522F5C66A6002CB348 /* Resources */,
			);
			buildRules = (
			);
			dependencies = (
				EF75B4562F5C66A6002CB348 /* PBXTargetDependency */,
			);
			fileSystemSynchronizedGroups = (
				EF75B4572F5C66A6002CB348 /* LearningXCodeCloudTests */,
			);
			name = LearningXCodeCloudTests;
			packageProductDependencies = (
			);
			productName = LearningXCodeCloudTests;
			productReference = EF75B4542F5C66A6002CB348 /* LearningXCodeCloudTests.xctest */;
			productType = "com.apple.product-type.bundle.unit-test";
		};
		EF75B45D2F5C66A6002CB348 /* LearningXCodeCloudUITests */ = {
			isa = PBXNativeTarget;
			buildConfigurationList = EF75B46E2F5C66A6002CB348 /* Build configuration list for PBXNativeTarget "LearningXCodeCloudUITests" */;
			buildPhases = (
				EF75B45A2F5C66A6002CB348 /* Sources */,
				EF75B45B2F5C66A6002CB348 /* Frameworks */,
				EF75B45C2F5C66A6002CB348 /* Resources */,
			);
			buildRules = (
			);
			dependencies = (
				EF75B4602F5C66A6002CB348 /* PBXTargetDependency */,
			);
			fileSystemSynchronizedGroups = (
				EF75B4612F5C66A6002CB348 /* LearningXCodeCloudUITests */,
			);
			name = LearningXCodeCloudUITests;
			packageProductDependencies = (
			);
			productName = LearningXCodeCloudUITests;
			productReference = EF75B45E2F5C66A6002CB348 /* LearningXCodeCloudUITests.xctest */;
			productType = "com.apple.product-type.bundle.ui-testing";
		};
/* End PBXNativeTarget section */

/* Begin PBXProject section */
		EF75B43F2F5C66A5002CB348 /* Project object */ = {
			isa = PBXProject;
			attributes = {
				BuildIndependentTargetsInParallel = 1;
				LastSwiftUpdateCheck = 2630;
				LastUpgradeCheck = 2630;
				TargetAttributes = {
					EF75B4462F5C66A5002CB348 = {
						CreatedOnToolsVersion = 26.3;
					};
					EF75B4532F5C66A6002CB348 = {
						CreatedOnToolsVersion = 26.3;
						TestTargetID = EF75B4462F5C66A5002CB348;
					};
					EF75B45D2F5C66A6002CB348 = {
						CreatedOnToolsVersion = 26.3;
						TestTargetID = EF75B4462F5C66A5002CB348;
					};
				};
			};
			buildConfigurationList = EF75B4422F5C66A5002CB348 /* Build configuration list for PBXProject "LearningXCodeCloud" */;
			developmentRegion = en;
			hasScannedForEncodings = 0;
			knownRegions = (
				en,
				Base,
			);
			mainGroup = EF75B43E2F5C66A5002CB348;
			minimizedProjectReferenceProxies = 1;
			preferredProjectObjectVersion = 77;
			productRefGroup = EF75B4482F5C66A5002CB348 /* Products */;
			projectDirPath = "";
			projectRoot = "";
			targets = (
				EF75B4462F5C66A5002CB348 /* LearningXCodeCloud */,
				EF75B4532F5C66A6002CB348 /* LearningXCodeCloudTests */,
				EF75B45D2F5C66A6002CB348 /* LearningXCodeCloudUITests */,
			);
		};
/* End PBXProject section */

/* Begin PBXResourcesBuildPhase section */
		EF75B4452F5C66A5002CB348 /* Resources */ = {
			isa = PBXResourcesBuildPhase;
			buildActionMask = 2147483647;
			files = (
			);
			runOnlyForDeploymentPostprocessing = 0;
		};
		EF75B4522F5C66A6002CB348 /* Resources */ = {
			isa = PBXResourcesBuildPhase;
			buildActionMask = 2147483647;
			files = (
			);
			runOnlyForDeploymentPostprocessing = 0;
		};
		EF75B45C2F5C66A6002CB348 /* Resources */ = {
			isa = PBXResourcesBuildPhase;
			buildActionMask = 2147483647;
			files = (
			);
			runOnlyForDeploymentPostprocessing = 0;
		};
/* End PBXResourcesBuildPhase section */

/* Begin PBXSourcesBuildPhase section */
		EF75B4432F5C66A5002CB348 /* Sources */ = {
			isa = PBXSourcesBuildPhase;
			buildActionMask = 2147483647;
			files = (
			);
			runOnlyForDeploymentPostprocessing = 0;
		};
		EF75B4502F5C66A6002CB348 /* Sources */ = {
			isa = PBXSourcesBuildPhase;
			buildActionMask = 2147483647;
			files = (
			);
			runOnlyForDeploymentPostprocessing = 0;
		};
		EF75B45A2F5C66A6002CB348 /* Sources */ = {
			isa = PBXSourcesBuildPhase;
			buildActionMask = 2147483647;
			files = (
			);
			runOnlyForDeploymentPostprocessing = 0;
		};
/* End PBXSourcesBuildPhase section */

/* Begin PBXTargetDependency section */
		EF75B4562F5C66A6002CB348 /* PBXTargetDependency */ = {
			isa = PBXTargetDependency;
			target = EF75B4462F5C66A5002CB348 /* LearningXCodeCloud */;
			targetProxy = EF75B4552F5C66A6002CB348 /* PBXContainerItemProxy */;
		};
		EF75B4602F5C66A6002CB348 /* PBXTargetDependency */ = {
			isa = PBXTargetDependency;
			target = EF75B4462F5C66A5002CB348 /* LearningXCodeCloud */;
			targetProxy = EF75B45F2F5C66A6002CB348 /* PBXContainerItemProxy */;
		};
/* End PBXTargetDependency section */

/* Begin XCBuildConfiguration section */
		EF75B4662F5C66A6002CB348 /* Debug */ = {
			isa = XCBuildConfiguration;
			buildSettings = {
				ALWAYS_SEARCH_USER_PATHS = NO;
				ASSETCATALOG_COMPILER_GENERATE_SWIFT_ASSET_SYMBOL_EXTENSIONS = YES;
				CLANG_ANALYZER_NONNULL = YES;
				CLANG_ANALYZER_NUMBER_OBJECT_CONVERSION = YES_AGGRESSIVE;
				CLANG_CXX_LANGUAGE_STANDARD = "gnu++20";
				CLANG_ENABLE_MODULES = YES;
				CLANG_ENABLE_OBJC_ARC = YES;
				CLANG_ENABLE_OBJC_WEAK = YES;
				CLANG_WARN_BLOCK_CAPTURE_AUTORELEASING = YES;
				CLANG_WARN_BOOL_CONVERSION = YES;
				CLANG_WARN_COMMA = YES;
				CLANG_WARN_CONSTANT_CONVERSION = YES;
				CLANG_WARN_DEPRECATED_OBJC_IMPLEMENTATIONS = YES;
				CLANG_WARN_DIRECT_OBJC_ISA_USAGE = YES_ERROR;
				CLANG_WARN_DOCUMENTATION_COMMENTS = YES;
				CLANG_WARN_EMPTY_BODY = YES;
				CLANG_WARN_ENUM_CONVERSION = YES;
				CLANG_WARN_INFINITE_RECURSION = YES;
				CLANG_WARN_INT_CONVERSION = YES;
				CLANG_WARN_NON_LITERAL_NULL_CONVERSION = YES;
				CLANG_WARN_OBJC_IMPLICIT_RETAIN_SELF = YES;
				CLANG_WARN_OBJC_LITERAL_CONVERSION = YES;
				CLANG_WARN_OBJC_ROOT_CLASS = YES_ERROR;
				CLANG_WARN_QUOTED_INCLUDE_IN_FRAMEWORK_HEADER = YES;
				CLANG_WARN_RANGE_LOOP_ANALYSIS = YES;
				CLANG_WARN_STRICT_PROTOTYPES = YES;
				CLANG_WARN_SUSPICIOUS_MOVE = YES;
				CLANG_WARN_UNGUARDED_AVAILABILITY = YES_AGGRESSIVE;
				CLANG_WARN_UNREACHABLE_CODE = YES;
				CLANG_WARN__DUPLICATE_METHOD_MATCH = YES;
				COPY_PHASE_STRIP = NO;
				DEBUG_INFORMATION_FORMAT = dwarf;
				DEVELOPMENT_TEAM = 29HC4SA3R9;
				ENABLE_STRICT_OBJC_MSGSEND = YES;
				ENABLE_TESTABILITY = YES;
				ENABLE_USER_SCRIPT_SANDBOXING = YES;
				GCC_C_LANGUAGE_STANDARD = gnu17;
				GCC_DYNAMIC_NO_PIC = NO;
				GCC_NO_COMMON_BLOCKS = YES;
				GCC_OPTIMIZATION_LEVEL = 0;
				GCC_PREPROCESSOR_DEFINITIONS = (
					"DEBUG=1",
					"$(inherited)",
				);
				GCC_WARN_64_TO_32_BIT_CONVERSION = YES;
				GCC_WARN_ABOUT_RETURN_TYPE = YES_ERROR;
				GCC_WARN_UNDECLARED_SELECTOR = YES;
				GCC_WARN_UNINITIALIZED_AUTOS = YES_AGGRESSIVE;
				GCC_WARN_UNUSED_FUNCTION = YES;
				GCC_WARN_UNUSED_VARIABLE = YES;
				IPHONEOS_DEPLOYMENT_TARGET = 26.2;
				LOCALIZATION_PREFERS_STRING_CATALOGS = YES;
				MTL_ENABLE_DEBUG_INFO = INCLUDE_SOURCE;
				MTL_FAST_MATH = YES;
				ONLY_ACTIVE_ARCH = YES;
				SDKROOT = iphoneos;
				SWIFT_ACTIVE_COMPILATION_CONDITIONS = "DEBUG $(inherited)";
				SWIFT_OPTIMIZATION_LEVEL = "-Onone";
			};
			name = Debug;
		};
		EF75B4672F5C66A6002CB348 /* Release */ = {
			isa = XCBuildConfiguration;
			buildSettings = {
				ALWAYS_SEARCH_USER_PATHS = NO;
				ASSETCATALOG_COMPILER_GENERATE_SWIFT_ASSET_SYMBOL_EXTENSIONS = YES;
				CLANG_ANALYZER_NONNULL = YES;
				CLANG_ANALYZER_NUMBER_OBJECT_CONVERSION = YES_AGGRESSIVE;
				CLANG_CXX_LANGUAGE_STANDARD = "gnu++20";
				CLANG_ENABLE_MODULES = YES;
				CLANG_ENABLE_OBJC_ARC = YES;
				CLANG_ENABLE_OBJC_WEAK = YES;
				CLANG_WARN_BLOCK_CAPTURE_AUTORELEASING = YES;
				CLANG_WARN_BOOL_CONVERSION = YES;
				CLANG_WARN_COMMA = YES;
				CLANG_WARN_CONSTANT_CONVERSION = YES;
				CLANG_WARN_DEPRECATED_OBJC_IMPLEMENTATIONS = YES;
				CLANG_WARN_DIRECT_OBJC_ISA_USAGE = YES_ERROR;
				CLANG_WARN_DOCUMENTATION_COMMENTS = YES;
				CLANG_WARN_EMPTY_BODY = YES;
				CLANG_WARN_ENUM_CONVERSION = YES;
				CLANG_WARN_INFINITE_RECURSION = YES;
				CLANG_WARN_INT_CONVERSION = YES;
				CLANG_WARN_NON_LITERAL_NULL_CONVERSION = YES;
				CLANG_WARN_OBJC_IMPLICIT_RETAIN_SELF = YES;
				CLANG_WARN_OBJC_LITERAL_CONVERSION = YES;
				CLANG_WARN_OBJC_ROOT_CLASS = YES_ERROR;
				CLANG_WARN_QUOTED_INCLUDE_IN_FRAMEWORK_HEADER = YES;
				CLANG_WARN_RANGE_LOOP_ANALYSIS = YES;
				CLANG_WARN_STRICT_PROTOTYPES = YES;
				CLANG_WARN_SUSPICIOUS_MOVE = YES;
				CLANG_WARN_UNGUARDED_AVAILABILITY = YES_AGGRESSIVE;
				CLANG_WARN_UNREACHABLE_CODE = YES;
				CLANG_WARN__DUPLICATE_METHOD_MATCH = YES;
				COPY_PHASE_STRIP = NO;
				DEBUG_INFORMATION_FORMAT = "dwarf-with-dsym";
				DEVELOPMENT_TEAM = 29HC4SA3R9;
				ENABLE_NS_ASSERTIONS = NO;
				ENABLE_STRICT_OBJC_MSGSEND = YES;
				ENABLE_USER_SCRIPT_SANDBOXING = YES;
				GCC_C_LANGUAGE_STANDARD = gnu17;
				GCC_NO_COMMON_BLOCKS = YES;
				GCC_WARN_64_TO_32_BIT_CONVERSION = YES;
				GCC_WARN_ABOUT_RETURN_TYPE = YES_ERROR;
				GCC_WARN_UNDECLARED_SELECTOR = YES;
				GCC_WARN_UNINITIALIZED_AUTOS = YES_AGGRESSIVE;
				GCC_WARN_UNUSED_FUNCTION = YES;
				GCC_WARN_UNUSED_VARIABLE = YES;
				IPHONEOS_DEPLOYMENT_TARGET = 26.2;
				LOCALIZATION_PREFERS_STRING_CATALOGS = YES;
				MTL_ENABLE_DEBUG_INFO = NO;
				MTL_FAST_MATH = YES;
				SDKROOT = iphoneos;
				SWIFT_COMPILATION_MODE = wholemodule;
				VALIDATE_PRODUCT = YES;
			};
			name = Release;
		};
		EF75B4692F5C66A6002CB348 /* Debug */ = {
			isa = XCBuildConfiguration;
			buildSettings = {
				ASSETCATALOG_COMPILER_APPICON_NAME = AppIcon;
				ASSETCATALOG_COMPILER_GLOBAL_ACCENT_COLOR_NAME = AccentColor;
				CODE_SIGN_STYLE = Automatic;
				CURRENT_PROJECT_VERSION = 1;
				DEVELOPMENT_TEAM = 29HC4SA3R9;
				ENABLE_PREVIEWS = YES;
				GENERATE_INFOPLIST_FILE = YES;
				INFOPLIST_KEY_UIApplicationSceneManifest_Generation = YES;
				INFOPLIST_KEY_UIApplicationSupportsIndirectInputEvents = YES;
				INFOPLIST_KEY_UILaunchScreen_Generation = YES;
				INFOPLIST_KEY_UISupportedInterfaceOrientations_iPad = "UIInterfaceOrientationPortrait UIInterfaceOrientationPortraitUpsideDown UIInterfaceOrientationLandscapeLeft UIInterfaceOrientationLandscapeRight";
				INFOPLIST_KEY_UISupportedInterfaceOrientations_iPhone = "UIInterfaceOrientationPortrait UIInterfaceOrientationLandscapeLeft UIInterfaceOrientationLandscapeRight";
				LD_RUNPATH_SEARCH_PATHS = (
					"$(inherited)",
					"@executable_path/Frameworks",
				);
				MARKETING_VERSION = 1.0;
				PRODUCT_BUNDLE_IDENTIFIER = br.com.paulo.LearningXCodeCloud;
				PRODUCT_NAME = "$(TARGET_NAME)";
				STRING_CATALOG_GENERATE_SYMBOLS = YES;
				SWIFT_APPROACHABLE_CONCURRENCY = YES;
				SWIFT_DEFAULT_ACTOR_ISOLATION = MainActor;
				SWIFT_EMIT_LOC_STRINGS = YES;
				SWIFT_UPCOMING_FEATURE_MEMBER_IMPORT_VISIBILITY = YES;
				SWIFT_VERSION = 5.0;
				TARGETED_DEVICE_FAMILY = "1,2";
			};
			name = Debug;
		};
		EF75B46A2F5C66A6002CB348 /* Release */ = {
			isa = XCBuildConfiguration;
			buildSettings = {
				ASSETCATALOG_COMPILER_APPICON_NAME = AppIcon;
				ASSETCATALOG_COMPILER_GLOBAL_ACCENT_COLOR_NAME = AccentColor;
				CODE_SIGN_STYLE = Automatic;
				CURRENT_PROJECT_VERSION = 1;
				DEVELOPMENT_TEAM = 29HC4SA3R9;
				ENABLE_PREVIEWS = YES;
				GENERATE_INFOPLIST_FILE = YES;
				INFOPLIST_KEY_UIApplicationSceneManifest_Generation = YES;
				INFOPLIST_KEY_UIApplicationSupportsIndirectInputEvents = YES;
				INFOPLIST_KEY_UILaunchScreen_Generation = YES;
				INFOPLIST_KEY_UISupportedInterfaceOrientations_iPad = "UIInterfaceOrientationPortrait UIInterfaceOrientationPortraitUpsideDown UIInterfaceOrientationLandscapeLeft UIInterfaceOrientationLandscapeRight";
				INFOPLIST_KEY_UISupportedInterfaceOrientations_iPhone = "UIInterfaceOrientationPortrait UIInterfaceOrientationLandscapeLeft UIInterfaceOrientationLandscapeRight";
				LD_RUNPATH_SEARCH_PATHS = (
					"$(inherited)",
					"@executable_path/Frameworks",
				);
				MARKETING_VERSION = 1.0;
				PRODUCT_BUNDLE_IDENTIFIER = br.com.paulo.LearningXCodeCloud;
				PRODUCT_NAME = "$(TARGET_NAME)";
				STRING_CATALOG_GENERATE_SYMBOLS = YES;
				SWIFT_APPROACHABLE_CONCURRENCY = YES;
				SWIFT_DEFAULT_ACTOR_ISOLATION = MainActor;
				SWIFT_EMIT_LOC_STRINGS = YES;
				SWIFT_UPCOMING_FEATURE_MEMBER_IMPORT_VISIBILITY = YES;
				SWIFT_VERSION = 5.0;
				TARGETED_DEVICE_FAMILY = "1,2";
			};
			name = Release;
		};
		EF75B46C2F5C66A6002CB348 /* Debug */ = {
			isa = XCBuildConfiguration;
			buildSettings = {
				BUNDLE_LOADER = "$(TEST_HOST)";
				CODE_SIGN_STYLE = Automatic;
				CURRENT_PROJECT_VERSION = 1;
				DEVELOPMENT_TEAM = 29HC4SA3R9;
				GENERATE_INFOPLIST_FILE = YES;
				IPHONEOS_DEPLOYMENT_TARGET = 26.2;
				MARKETING_VERSION = 1.0;
				PRODUCT_BUNDLE_IDENTIFIER = br.com.paulo.LearningXCodeCloudTests;
				PRODUCT_NAME = "$(TARGET_NAME)";
				STRING_CATALOG_GENERATE_SYMBOLS = NO;
				SWIFT_APPROACHABLE_CONCURRENCY = YES;
				SWIFT_EMIT_LOC_STRINGS = NO;
				SWIFT_UPCOMING_FEATURE_MEMBER_IMPORT_VISIBILITY = YES;
				SWIFT_VERSION = 5.0;
				TARGETED_DEVICE_FAMILY = "1,2";
				TEST_HOST = "$(BUILT_PRODUCTS_DIR)/LearningXCodeCloud.app/$(BUNDLE_EXECUTABLE_FOLDER_PATH)/LearningXCodeCloud";
			};
			name = Debug;
		};
		EF75B46D2F5C66A6002CB348 /* Release */ = {
			isa = XCBuildConfiguration;
			buildSettings = {
				BUNDLE_LOADER = "$(TEST_HOST)";
				CODE_SIGN_STYLE = Automatic;
				CURRENT_PROJECT_VERSION = 1;
				DEVELOPMENT_TEAM = 29HC4SA3R9;
				GENERATE_INFOPLIST_FILE = YES;
				IPHONEOS_DEPLOYMENT_TARGET = 26.2;
				MARKETING_VERSION = 1.0;
				PRODUCT_BUNDLE_IDENTIFIER = br.com.paulo.LearningXCodeCloudTests;
				PRODUCT_NAME = "$(TARGET_NAME)";
				STRING_CATALOG_GENERATE_SYMBOLS = NO;
				SWIFT_APPROACHABLE_CONCURRENCY = YES;
				SWIFT_EMIT_LOC_STRINGS = NO;
				SWIFT_UPCOMING_FEATURE_MEMBER_IMPORT_VISIBILITY = YES;
				SWIFT_VERSION = 5.0;
				TARGETED_DEVICE_FAMILY = "1,2";
				TEST_HOST = "$(BUILT_PRODUCTS_DIR)/LearningXCodeCloud.app/$(BUNDLE_EXECUTABLE_FOLDER_PATH)/LearningXCodeCloud";
			};
			name = Release;
		};
		EF75B46F2F5C66A6002CB348 /* Debug */ = {
			isa = XCBuildConfiguration;
			buildSettings = {
				CODE_SIGN_STYLE = Automatic;
				CURRENT_PROJECT_VERSION = 1;
				DEVELOPMENT_TEAM = 29HC4SA3R9;
				GENERATE_INFOPLIST_FILE = YES;
				MARKETING_VERSION = 1.0;
				PRODUCT_BUNDLE_IDENTIFIER = br.com.paulo.LearningXCodeCloudUITests;
				PRODUCT_NAME = "$(TARGET_NAME)";
				STRING_CATALOG_GENERATE_SYMBOLS = NO;
				SWIFT_APPROACHABLE_CONCURRENCY = YES;
				SWIFT_EMIT_LOC_STRINGS = NO;
				SWIFT_UPCOMING_FEATURE_MEMBER_IMPORT_VISIBILITY = YES;
				SWIFT_VERSION = 5.0;
				TARGETED_DEVICE_FAMILY = "1,2";
				TEST_TARGET_NAME = LearningXCodeCloud;
			};
			name = Debug;
		};
		EF75B4702F5C66A6002CB348 /* Release */ = {
			isa = XCBuildConfiguration;
			buildSettings = {
				CODE_SIGN_STYLE = Automatic;
				CURRENT_PROJECT_VERSION = 1;
				DEVELOPMENT_TEAM = 29HC4SA3R9;
				GENERATE_INFOPLIST_FILE = YES;
				MARKETING_VERSION = 1.0;
				PRODUCT_BUNDLE_IDENTIFIER = br.com.paulo.LearningXCodeCloudUITests;
				PRODUCT_NAME = "$(TARGET_NAME)";
				STRING_CATALOG_GENERATE_SYMBOLS = NO;
				SWIFT_APPROACHABLE_CONCURRENCY = YES;
				SWIFT_EMIT_LOC_STRINGS = NO;
				SWIFT_UPCOMING_FEATURE_MEMBER_IMPORT_VISIBILITY = YES;
				SWIFT_VERSION = 5.0;
				TARGETED_DEVICE_FAMILY = "1,2";
				TEST_TARGET_NAME = LearningXCodeCloud;
			};
			name = Release;
		};
/* End XCBuildConfiguration section */

/* Begin XCConfigurationList section */
		EF75B4422F5C66A5002CB348 /* Build configuration list for PBXProject "LearningXCodeCloud" */ = {
			isa = XCConfigurationList;
			buildConfigurations = (
				EF75B4662F5C66A6002CB348 /* Debug */,
				EF75B4672F5C66A6002CB348 /* Release */,
			);
			defaultConfigurationIsVisible = 0;
			defaultConfigurationName = Release;
		};
		EF75B4682F5C66A6002CB348 /* Build configuration list for PBXNativeTarget "LearningXCodeCloud" */ = {
			isa = XCConfigurationList;
			buildConfigurations = (
				EF75B4692F5C66A6002CB348 /* Debug */,
				EF75B46A2F5C66A6002CB348 /* Release */,
			);
			defaultConfigurationIsVisible = 0;
			defaultConfigurationName = Release;
		};
		EF75B46B2F5C66A6002CB348 /* Build configuration list for PBXNativeTarget "LearningXCodeCloudTests" */ = {
			isa = XCConfigurationList;
			buildConfigurations = (
				EF75B46C2F5C66A6002CB348 /* Debug */,
				EF75B46D2F5C66A6002CB348 /* Release */,
			);
			defaultConfigurationIsVisible = 0;
			defaultConfigurationName = Release;
		};
		EF75B46E2F5C66A6002CB348 /* Build configuration list for PBXNativeTarget "LearningXCodeCloudUITests" */ = {
			isa = XCConfigurationList;
			buildConfigurations = (
				EF75B46F2F5C66A6002CB348 /* Debug */,
				EF75B4702F5C66A6002CB348 /* Release */,
			);
			defaultConfigurationIsVisible = 0;
			defaultConfigurationName = Release;
		};
/* End XCConfigurationList section */
	};
	rootObject = EF75B43F2F5C66A5002CB348 /* Project object */;
}
